
Microsoft Visual Studio Solution File, Format Version 12.00
# Visual Studio Version 16
VisualStudioVersion = 16.0.32228.343
MinimumVisualStudioVersion = 10.0.40219.1
Project("{FAE04EC0-301F-11D3-BF4B-00C04F79EFBC}") = "Formulario principal", "Formulario principal\Formulario principal.csproj", "{2FD613D3-4958-4B08-9E71-B492FE66E709}"
EndProject
Global
	GlobalSection(SolutionConfigurationPlatforms) = preSolution
		Debug|Any CPU = Debug|Any CPU
		Release|Any CPU = Release|Any CPU
	EndGlobalSection
	GlobalSection(ProjectConfigurationPlatforms) = postSolution
		{2FD613D3-4958-4B08-9E71-B492FE66E709}.Debug|Any CPU.ActiveCfg = Debug|Any CPU
		{2FD613D3-4958-4B08-9E71-B492FE66E709}.Debug|Any CPU.Build.0 = Debug|Any CPU
		{2FD613D3-4958-4B08-9E71-B492FE66E709}.Release|Any CPU.ActiveCfg = Release|Any CPU
		{2FD613D3-4958-4B08-9E71-B492FE66E709}.Release|Any CPU.Build.0 = Release|Any CPU
	EndGlobalSection
	GlobalSection(SolutionProperties) = preSolution
		HideSolutionNode = FALSE
	EndGlobalSection
	GlobalSection(ExtensibilityGlobals) = postSolution
		SolutionGuid = {3742D268-206B-467C-BCD8-4FF8C4D29F34}
	EndGlobalSection
EndGlobal
